
Microsoft Visual Studio Solution File, Format Version 12.00
# Visual Studio 2012
Project("{FAE04EC0-301F-11D3-BF4B-00C04F79EFBC}") = "CodeChallenges", "CodeChallenges\CodeChallenges.csproj", "{C2956951-AC24-4E8C-9DDF-F30A58A1946F}"
EndProject
Project("{FAE04EC0-301F-11D3-BF4B-00C04F79EFBC}") = "CodeChallengesTest", "CodeChallengesTest\CodeChallengesTest.csproj", "{82E605AD-D5C2-4DC6-99C6-9D38CCBEE17E}"
EndProject
Global
	GlobalSection(SolutionConfigurationPlatforms) = preSolution
		Debug|Any CPU = Debug|Any CPU
		Release|Any CPU = Release|Any CPU
	EndGlobalSection
	GlobalSection(ProjectConfigurationPlatforms) = postSolution
		{C2956951-AC24-4E8C-9DDF-F30A58A1946F}.Debug|Any CPU.ActiveCfg = Debug|Any CPU
		{C2956951-AC24-4E8C-9DDF-F30A58A1946F}.Debug|Any CPU.Build.0 = Debug|Any CPU
		{C2956951-AC24-4E8C-9DDF-F30A58A1946F}.Release|Any CPU.ActiveCfg = Release|Any CPU
		{C2956951-AC24-4E8C-9DDF-F30A58A1946F}.Release|Any CPU.Build.0 = Release|Any CPU
		{82E605AD-D5C2-4DC6-99C6-9D38CCBEE17E}.Debug|Any CPU.ActiveCfg = Debug|Any CPU
		{82E605AD-D5C2-4DC6-99C6-9D38CCBEE17E}.Debug|Any CPU.Build.0 = Debug|Any CPU
		{82E605AD-D5C2-4DC6-99C6-9D38CCBEE17E}.Release|Any CPU.ActiveCfg = Release|Any CPU
		{82E605AD-D5C2-4DC6-99C6-9D38CCBEE17E}.Release|Any CPU.Build.0 = Release|Any CPU
	EndGlobalSection
	GlobalSection(SolutionProperties) = preSolution
		HideSolutionNode = FALSE
	EndGlobalSection
EndGlobal
